<Solution>
  <Project Path="DanaCopilot.Application/DanaCopilot.Application.csproj" Id="216bab6b-6a95-444b-a150-8cbde37616a5" />
  <Project Path="DanaCopilot.Domain/DanaCopilot.Domain.csproj" Id="0cc795d9-595d-48b2-9d51-fc4f4b6134e7" />
  <Project Path="DanaCopilot.Infrastructure/DanaCopilot.Infrastructure.csproj" Id="171f824c-8b83-4dd7-8501-39507fb8795d" />
  <Project Path="DanaCopilot.Shared/DanaCopilot.Shared.csproj" Id="6ccd3fb3-26be-4272-87ff-bbcf2b944198" />
  <Project Path="Moji.DataService/Moji.DataService.csproj" Id="7a509ed1-3239-467d-9490-f33368b0ca83" />
  <Project Path="Moji.Services/Moji.Services.csproj" Id="7e2b408e-7c68-43db-bd2e-e373a67c8599" />
  <Project Path="WebApplication1/Moji.Controllers.csproj" />
</Solution>
